
Microsoft Visual Studio Solution File, Format Version 12.00
# Visual Studio Version 17
VisualStudioVersion = 17.0.31903.59
MinimumVisualStudioVersion = 10.0.40219.1
Project("{2150E333-8FDC-42A3-9474-1A3956D46DE8}") = "src", "src", "{827E0CD3-B72D-47B6-A68D-7590B98EB39B}"
EndProject
Project("{FAE04EC0-301F-11D3-BF4B-00C04F79EFBC}") = "Net9WebAPI.WebAPI", "src\Net9WebAPI.WebAPI\Net9WebAPI.WebAPI.csproj", "{8E3C430E-30B8-49F4-9953-4DD237DD2AD3}"
EndProject
Project("{FAE04EC0-301F-11D3-BF4B-00C04F79EFBC}") = "Net9WebAPI.Application", "src\Net9WebAPI.Application\Net9WebAPI.Application.csproj", "{3CB80A48-1F84-4988-8CF2-4EA87116859C}"
EndProject
Project("{FAE04EC0-301F-11D3-BF4B-00C04F79EFBC}") = "Net9WebAPI.DataAccess", "src\Net9WebAPI.DataAccess\Net9WebAPI.DataAccess.csproj", "{8059B983-81A8-4F82-92D2-55E25666A594}"
EndProject
Project("{FAE04EC0-301F-11D3-BF4B-00C04F79EFBC}") = "Net9WebAPI.Domain", "src\Net9WebAPI.Domain\Net9WebAPI.Domain.csproj", "{92677D89-6A8A-4205-9342-AAB2D94ECC59}"
EndProject
Project("{2150E333-8FDC-42A3-9474-1A3956D46DE8}") = "test", "test", "{0C88DD14-F956-CE84-757C-A364CCF449FC}"
EndProject
Project("{FAE04EC0-301F-11D3-BF4B-00C04F79EFBC}") = "Net9WebAPI.Tests.FunctionalTest", "test\Net9WebAPI.Tests.FunctionalTest\Net9WebAPI.Tests.FunctionalTest.csproj", "{5EB27A97-B8BA-4804-9B42-AB9BDE145F11}"
EndProject
Project("{FAE04EC0-301F-11D3-BF4B-00C04F79EFBC}") = "Net9WebAPI.Tests.UnitTest", "test\Net9WebAPI.Tests.UnitTest\Net9WebAPI.Tests.UnitTest.csproj", "{D9A70E44-DFB5-4602-A2FE-AE7EDF05D6C8}"
EndProject
Global
	GlobalSection(SolutionConfigurationPlatforms) = preSolution
		Debug|Any CPU = Debug|Any CPU
		Debug|x64 = Debug|x64
		Debug|x86 = Debug|x86
		Release|Any CPU = Release|Any CPU
		Release|x64 = Release|x64
		Release|x86 = Release|x86
	EndGlobalSection
	GlobalSection(ProjectConfigurationPlatforms) = postSolution
		{8E3C430E-30B8-49F4-9953-4DD237DD2AD3}.Debug|Any CPU.ActiveCfg = Debug|Any CPU
		{8E3C430E-30B8-49F4-9953-4DD237DD2AD3}.Debug|Any CPU.Build.0 = Debug|Any CPU
		{8E3C430E-30B8-49F4-9953-4DD237DD2AD3}.Debug|x64.ActiveCfg = Debug|Any CPU
		{8E3C430E-30B8-49F4-9953-4DD237DD2AD3}.Debug|x64.Build.0 = Debug|Any CPU
		{8E3C430E-30B8-49F4-9953-4DD237DD2AD3}.Debug|x86.ActiveCfg = Debug|Any CPU
		{8E3C430E-30B8-49F4-9953-4DD237DD2AD3}.Debug|x86.Build.0 = Debug|Any CPU
		{8E3C430E-30B8-49F4-9953-4DD237DD2AD3}.Release|Any CPU.ActiveCfg = Release|Any CPU
		{8E3C430E-30B8-49F4-9953-4DD237DD2AD3}.Release|Any CPU.Build.0 = Release|Any CPU
		{8E3C430E-30B8-49F4-9953-4DD237DD2AD3}.Release|x64.ActiveCfg = Release|Any CPU
		{8E3C430E-30B8-49F4-9953-4DD237DD2AD3}.Release|x64.Build.0 = Release|Any CPU
		{8E3C430E-30B8-49F4-9953-4DD237DD2AD3}.Release|x86.ActiveCfg = Release|Any CPU
		{8E3C430E-30B8-49F4-9953-4DD237DD2AD3}.Release|x86.Build.0 = Release|Any CPU
		{3CB80A48-1F84-4988-8CF2-4EA87116859C}.Debug|Any CPU.ActiveCfg = Debug|Any CPU
		{3CB80A48-1F84-4988-8CF2-4EA87116859C}.Debug|Any CPU.Build.0 = Debug|Any CPU
		{3CB80A48-1F84-4988-8CF2-4EA87116859C}.Debug|x64.ActiveCfg = Debug|Any CPU
		{3CB80A48-1F84-4988-8CF2-4EA87116859C}.Debug|x64.Build.0 = Debug|Any CPU
		{3CB80A48-1F84-4988-8CF2-4EA87116859C}.Debug|x86.ActiveCfg = Debug|Any CPU
		{3CB80A48-1F84-4988-8CF2-4EA87116859C}.Debug|x86.Build.0 = Debug|Any CPU
		{3CB80A48-1F84-4988-8CF2-4EA87116859C}.Release|Any CPU.ActiveCfg = Release|Any CPU
		{3CB80A48-1F84-4988-8CF2-4EA87116859C}.Release|Any CPU.Build.0 = Release|Any CPU
		{3CB80A48-1F84-4988-8CF2-4EA87116859C}.Release|x64.ActiveCfg = Release|Any CPU
		{3CB80A48-1F84-4988-8CF2-4EA87116859C}.Release|x64.Build.0 = Release|Any CPU
		{3CB80A48-1F84-4988-8CF2-4EA87116859C}.Release|x86.ActiveCfg = Release|Any CPU
		{3CB80A48-1F84-4988-8CF2-4EA87116859C}.Release|x86.Build.0 = Release|Any CPU
		{8059B983-81A8-4F82-92D2-55E25666A594}.Debug|Any CPU.ActiveCfg = Debug|Any CPU
		{8059B983-81A8-4F82-92D2-55E25666A594}.Debug|Any CPU.Build.0 = Debug|Any CPU
		{8059B983-81A8-4F82-92D2-55E25666A594}.Debug|x64.ActiveCfg = Debug|Any CPU
		{8059B983-81A8-4F82-92D2-55E25666A594}.Debug|x64.Build.0 = Debug|Any CPU
		{8059B983-81A8-4F82-92D2-55E25666A594}.Debug|x86.ActiveCfg = Debug|Any CPU
		{8059B983-81A8-4F82-92D2-55E25666A594}.Debug|x86.Build.0 = Debug|Any CPU
		{8059B983-81A8-4F82-92D2-55E25666A594}.Release|Any CPU.ActiveCfg = Release|Any CPU
		{8059B983-81A8-4F82-92D2-55E25666A594}.Release|Any CPU.Build.0 = Release|Any CPU
		{8059B983-81A8-4F82-92D2-55E25666A594}.Release|x64.ActiveCfg = Release|Any CPU
		{8059B983-81A8-4F82-92D2-55E25666A594}.Release|x64.Build.0 = Release|Any CPU
		{8059B983-81A8-4F82-92D2-55E25666A594}.Release|x86.ActiveCfg = Release|Any CPU
		{8059B983-81A8-4F82-92D2-55E25666A594}.Release|x86.Build.0 = Release|Any CPU
		{92677D89-6A8A-4205-9342-AAB2D94ECC59}.Debug|Any CPU.ActiveCfg = Debug|Any CPU
		{92677D89-6A8A-4205-9342-AAB2D94ECC59}.Debug|Any CPU.Build.0 = Debug|Any CPU
		{92677D89-6A8A-4205-9342-AAB2D94ECC59}.Debug|x64.ActiveCfg = Debug|Any CPU
		{92677D89-6A8A-4205-9342-AAB2D94ECC59}.Debug|x64.Build.0 = Debug|Any CPU
		{92677D89-6A8A-4205-9342-AAB2D94ECC59}.Debug|x86.ActiveCfg = Debug|Any CPU
		{92677D89-6A8A-4205-9342-AAB2D94ECC59}.Debug|x86.Build.0 = Debug|Any CPU
		{92677D89-6A8A-4205-9342-AAB2D94ECC59}.Release|Any CPU.ActiveCfg = Release|Any CPU
		{92677D89-6A8A-4205-9342-AAB2D94ECC59}.Release|Any CPU.Build.0 = Release|Any CPU
		{92677D89-6A8A-4205-9342-AAB2D94ECC59}.Release|x64.ActiveCfg = Release|Any CPU
		{92677D89-6A8A-4205-9342-AAB2D94ECC59}.Release|x64.Build.0 = Release|Any CPU
		{92677D89-6A8A-4205-9342-AAB2D94ECC59}.Release|x86.ActiveCfg = Release|Any CPU
		{92677D89-6A8A-4205-9342-AAB2D94ECC59}.Release|x86.Build.0 = Release|Any CPU
		{5EB27A97-B8BA-4804-9B42-AB9BDE145F11}.Debug|Any CPU.ActiveCfg = Debug|Any CPU
		{5EB27A97-B8BA-4804-9B42-AB9BDE145F11}.Debug|Any CPU.Build.0 = Debug|Any CPU
		{5EB27A97-B8BA-4804-9B42-AB9BDE145F11}.Debug|x64.ActiveCfg = Debug|Any CPU
		{5EB27A97-B8BA-4804-9B42-AB9BDE145F11}.Debug|x64.Build.0 = Debug|Any CPU
		{5EB27A97-B8BA-4804-9B42-AB9BDE145F11}.Debug|x86.ActiveCfg = Debug|Any CPU
		{5EB27A97-B8BA-4804-9B42-AB9BDE145F11}.Debug|x86.Build.0 = Debug|Any CPU
		{5EB27A97-B8BA-4804-9B42-AB9BDE145F11}.Release|Any CPU.ActiveCfg = Release|Any CPU
		{5EB27A97-B8BA-4804-9B42-AB9BDE145F11}.Release|Any CPU.Build.0 = Release|Any CPU
		{5EB27A97-B8BA-4804-9B42-AB9BDE145F11}.Release|x64.ActiveCfg = Release|Any CPU
		{5EB27A97-B8BA-4804-9B42-AB9BDE145F11}.Release|x64.Build.0 = Release|Any CPU
		{5EB27A97-B8BA-4804-9B42-AB9BDE145F11}.Release|x86.ActiveCfg = Release|Any CPU
		{5EB27A97-B8BA-4804-9B42-AB9BDE145F11}.Release|x86.Build.0 = Release|Any CPU
		{D9A70E44-DFB5-4602-A2FE-AE7EDF05D6C8}.Debug|Any CPU.ActiveCfg = Debug|Any CPU
		{D9A70E44-DFB5-4602-A2FE-AE7EDF05D6C8}.Debug|Any CPU.Build.0 = Debug|Any CPU
		{D9A70E44-DFB5-4602-A2FE-AE7EDF05D6C8}.Debug|x64.ActiveCfg = Debug|Any CPU
		{D9A70E44-DFB5-4602-A2FE-AE7EDF05D6C8}.Debug|x64.Build.0 = Debug|Any CPU
		{D9A70E44-DFB5-4602-A2FE-AE7EDF05D6C8}.Debug|x86.ActiveCfg = Debug|Any CPU
		{D9A70E44-DFB5-4602-A2FE-AE7EDF05D6C8}.Debug|x86.Build.0 = Debug|Any CPU
		{D9A70E44-DFB5-4602-A2FE-AE7EDF05D6C8}.Release|Any CPU.ActiveCfg = Release|Any CPU
		{D9A70E44-DFB5-4602-A2FE-AE7EDF05D6C8}.Release|Any CPU.Build.0 = Release|Any CPU
		{D9A70E44-DFB5-4602-A2FE-AE7EDF05D6C8}.Release|x64.ActiveCfg = Release|Any CPU
		{D9A70E44-DFB5-4602-A2FE-AE7EDF05D6C8}.Release|x64.Build.0 = Release|Any CPU
		{D9A70E44-DFB5-4602-A2FE-AE7EDF05D6C8}.Release|x86.ActiveCfg = Release|Any CPU
		{D9A70E44-DFB5-4602-A2FE-AE7EDF05D6C8}.Release|x86.Build.0 = Release|Any CPU
	EndGlobalSection
	GlobalSection(SolutionProperties) = preSolution
		HideSolutionNode = FALSE
	EndGlobalSection
	GlobalSection(NestedProjects) = preSolution
		{8E3C430E-30B8-49F4-9953-4DD237DD2AD3} = {827E0CD3-B72D-47B6-A68D-7590B98EB39B}
		{3CB80A48-1F84-4988-8CF2-4EA87116859C} = {827E0CD3-B72D-47B6-A68D-7590B98EB39B}
		{8059B983-81A8-4F82-92D2-55E25666A594} = {827E0CD3-B72D-47B6-A68D-7590B98EB39B}
		{92677D89-6A8A-4205-9342-AAB2D94ECC59} = {827E0CD3-B72D-47B6-A68D-7590B98EB39B}
		{5EB27A97-B8BA-4804-9B42-AB9BDE145F11} = {0C88DD14-F956-CE84-757C-A364CCF449FC}
		{D9A70E44-DFB5-4602-A2FE-AE7EDF05D6C8} = {0C88DD14-F956-CE84-757C-A364CCF449FC}
	EndGlobalSection
EndGlobal
